{
    "_meta": {
        "hash": {
            "sha256": "23a789dee5760b950279bdf2d64e17a399b44c914e6753745df1038ae70233f1"
        },
        "pipfile-spec": 6,
        "requires": {
            "python_version": "3.8"
        },
        "sources": [
            {
                "name": "pypi",
                "url": "https://pypi.org/simple",
                "verify_ssl": true
            }
        ]
    },
    "default": {
        "fastapi": {
            "extras": [
                "all"
            ],
            "version": "*"
        },
        "passlib": {
            "extras": [
                "bcrypt"
            ],
            "fastapi-localization": "*",
            "pipfile": "*",
            "pydantic-i18n": "*",
            "python-gettext": "*",
            "python-i18n": "*",
            "tr": "*",
            "version": "*"
        },
        "python-jose": {
            "extras": [
                "cryptography"
            ],
            "version": "*"
        }
    },
    "develop": {}
}
